{
  "name": "enhance-playground-nodebox",
  "lockfileVersion": 3,
  "requires": true,
  "packages": {
    "": {
      "dependencies": {
        "@codesandbox/nodebox": "^0.1.9"
      }
    },
    "node_modules/@codesandbox/nodebox": {
      "version": "0.1.9",
      "resolved": "https://registry.npmjs.org/@codesandbox/nodebox/-/nodebox-0.1.9.tgz",
      "integrity": "sha512-h/SCSA5iasmEUlxWWQf2ecv1WgGoI5KLV5iZoN9YA1Hhz4DIacE3vwwD24Vn+1qczny4TEr8zwMQYZ1K8TbvzQ==",
      "dependencies": {
        "outvariant": "^1.4.0",
        "strict-event-emitter": "^0.4.3"
      }
    },
    "node_modules/outvariant": {
      "version": "1.4.2",
      "resolved": "https://registry.npmjs.org/outvariant/-/outvariant-1.4.2.tgz",
      "integrity": "sha512-Ou3dJ6bA/UJ5GVHxah4LnqDwZRwAmWxrG3wtrHrbGnP4RnLCtA64A4F+ae7Y8ww660JaddSoArUR5HjipWSHAQ=="
    },
    "node_modules/strict-event-emitter": {
      "version": "0.4.6",
      "resolved": "https://registry.npmjs.org/strict-event-emitter/-/strict-event-emitter-0.4.6.tgz",
      "integrity": "sha512-12KWeb+wixJohmnwNFerbyiBrAlq5qJLwIt38etRtKtmmHyDSoGlIqFE9wx+4IwG0aDjI7GV8tc8ZccjWZZtTg=="
    }
  }
}
